{
  "name": "knowgrph",
  "version": "1.0.0",
  "lockfileVersion": 3,
  "requires": true,
  "packages": {
    "": {
      "name": "knowgrph",
      "version": "1.0.0",
      "license": "ISC",
      "dependencies": {
        "@butterbase/sdk": "^2.0.0"
      }
    },
    "node_modules/@butterbase/sdk": {
      "version": "2.0.0",
      "resolved": "https://registry.npmjs.org/@butterbase/sdk/-/sdk-2.0.0.tgz",
      "integrity": "sha512-CDnit0rL4XfWc96PJ4n4Z/s0erFuCGaCplg+e0UFGmLwnfF2r/31L5FHNPdnQpz8Tjihy2AIy2ZUdXm/J3Ekfw==",
      "peerDependencies": {
        "typescript": ">=5.0.0"
      }
    },
    "node_modules/typescript": {
      "version": "6.0.3",
      "resolved": "https://registry.npmjs.org/typescript/-/typescript-6.0.3.tgz",
      "integrity": "sha512-y2TvuxSZPDyQakkFRPZHKFm+KKVqIisdg9/CZwm9ftvKXLP8NRWj38/ODjNbr43SsoXqNuAisEf1GdCxqWcdBw==",
      "license": "Apache-2.0",
      "peer": true,
      "bin": {
        "tsc": "bin/tsc",
        "tsserver": "bin/tsserver"
      },
      "engines": {
        "node": ">=14.17"
      }
    }
  }
}
